{
  "name": "@art-of-coding/lime",
  "version": "1.0.0",
  "lockfileVersion": 1,
  "requires": true,
  "dependencies": {
    "@art-of-coding/compose": {
      "version": "1.0.0",
      "resolved": "https://registry.npmjs.org/@art-of-coding/compose/-/compose-1.0.0.tgz",
      "integrity": "sha512-UuqDlCSgMZT6jbjSyVoTF0ldC8Dn1RRVHSbHV4JmcTPMPymZeLtXf/ixkwCdOL+WgYru7NqXdP9AlCMKYM+TaA=="
    }
  }
}
